
Microsoft Visual Studio Solution File, Format Version 12.00
# Visual Studio 15
Project("{FAE04EC0-301F-11D3-BF4B-00C04F79EFBC}") = "UnityEngine.TestRunner", "UnityEngine.TestRunner.csproj", "{8EE91D2B-D0D6-1118-BB91-F49FDA7BB5F1}"
EndProject
Project("{FAE04EC0-301F-11D3-BF4B-00C04F79EFBC}") = "Unity.2D.Animation.Triangle.Runtime", "Unity.2D.Animation.Triangle.Runtime.csproj", "{A0AF1AA5-122D-D9AA-47F5-041B72FF99CD}"
EndProject
Project("{FAE04EC0-301F-11D3-BF4B-00C04F79EFBC}") = "UnityEngine.UI", "UnityEngine.UI.csproj", "{0D1A5906-E68D-DF3B-B7DB-D5C545DCB359}"
EndProject
Project("{FAE04EC0-301F-11D3-BF4B-00C04F79EFBC}") = "Unity.TextMeshPro", "Unity.TextMeshPro.csproj", "{E19C38D9-B4A2-CC63-99B3-50858FD21958}"
EndProject
Project("{FAE04EC0-301F-11D3-BF4B-00C04F79EFBC}") = "Unity.2D.Animation.Runtime", "Unity.2D.Animation.Runtime.csproj", "{8F0DA710-20C3-EB56-CD47-2F51ACC55766}"
EndProject
Project("{FAE04EC0-301F-11D3-BF4B-00C04F79EFBC}") = "Unity.Timeline", "Unity.Timeline.csproj", "{5AC9DF89-52D0-C1F8-9D1D-35FDAAFFB2D1}"
EndProject
Project("{FAE04EC0-301F-11D3-BF4B-00C04F79EFBC}") = "Unity.Mathematics", "Unity.Mathematics.csproj", "{4C9D63F1-E618-5F25-05C6-8B8414E2625D}"
EndProject
Project("{FAE04EC0-301F-11D3-BF4B-00C04F79EFBC}") = "Unity.2D.SpriteShape.Runtime", "Unity.2D.SpriteShape.Runtime.csproj", "{E304F574-A2CB-30FF-E12D-C73CC98AF639}"
EndProject
Project("{FAE04EC0-301F-11D3-BF4B-00C04F79EFBC}") = "Assembly-CSharp", "Assembly-CSharp.csproj", "{677D6031-7947-C8F2-D36B-798C8CF73A37}"
EndProject
Project("{FAE04EC0-301F-11D3-BF4B-00C04F79EFBC}") = "Unity.2D.PixelPerfect", "Unity.2D.PixelPerfect.csproj", "{8A336D79-97DD-291A-D241-1BD805802B42}"
EndProject
Project("{FAE04EC0-301F-11D3-BF4B-00C04F79EFBC}") = "Unity.InternalAPIEngineBridge.001", "Unity.InternalAPIEngineBridge.001.csproj", "{9E52FF7A-A6B5-37DB-A803-D08370ED13EC}"
EndProject
Project("{FAE04EC0-301F-11D3-BF4B-00C04F79EFBC}") = "Unity.2D.Common.Runtime", "Unity.2D.Common.Runtime.csproj", "{D8A1A670-881C-2D86-5BA7-141AE96F92F4}"
EndProject
Project("{FAE04EC0-301F-11D3-BF4B-00C04F79EFBC}") = "UnityEditor.TestRunner", "UnityEditor.TestRunner.csproj", "{3ED8DAAA-7BD2-3486-3A1E-0F3017E4FED3}"
EndProject
Project("{FAE04EC0-301F-11D3-BF4B-00C04F79EFBC}") = "Unity.TextMeshPro.Editor", "Unity.TextMeshPro.Editor.csproj", "{9002A334-E772-A8C2-E016-C7CCE0681BD9}"
EndProject
Project("{FAE04EC0-301F-11D3-BF4B-00C04F79EFBC}") = "Unity.Timeline.Editor", "Unity.Timeline.Editor.csproj", "{557A0CA1-1125-C880-E8F3-D14B83FA8809}"
EndProject
Project("{FAE04EC0-301F-11D3-BF4B-00C04F79EFBC}") = "Unity.2D.Animation.Editor", "Unity.2D.Animation.Editor.csproj", "{04231F08-713F-8C32-792E-678F6B76D0D4}"
EndProject
Project("{FAE04EC0-301F-11D3-BF4B-00C04F79EFBC}") = "Unity.2D.Path.Editor", "Unity.2D.Path.Editor.csproj", "{EF9C8853-0A63-106F-1150-30A330CA6D2C}"
EndProject
Project("{FAE04EC0-301F-11D3-BF4B-00C04F79EFBC}") = "Unity.2D.Sprite.Editor", "Unity.2D.Sprite.Editor.csproj", "{29BD3111-7E30-E7C1-2DA5-57B5B949C5C5}"
EndProject
Project("{FAE04EC0-301F-11D3-BF4B-00C04F79EFBC}") = "UnityEditor.UI", "UnityEditor.UI.csproj", "{468212E5-3BA2-3E93-424A-F2B803795903}"
EndProject
Project("{FAE04EC0-301F-11D3-BF4B-00C04F79EFBC}") = "Unity.Rider.Editor", "Unity.Rider.Editor.csproj", "{C7EFE464-6537-C3DF-833D-81385F140577}"
EndProject
Project("{FAE04EC0-301F-11D3-BF4B-00C04F79EFBC}") = "Unity.2D.Tilemap.Editor", "Unity.2D.Tilemap.Editor.csproj", "{FDE33AC6-1B3F-1558-EA98-91E61B0F1619}"
EndProject
Project("{FAE04EC0-301F-11D3-BF4B-00C04F79EFBC}") = "Unity.2D.SpriteShape.Editor", "Unity.2D.SpriteShape.Editor.csproj", "{963F71DC-5A89-68AD-4AB5-E9338359C206}"
EndProject
Project("{FAE04EC0-301F-11D3-BF4B-00C04F79EFBC}") = "PsdPlugin", "PsdPlugin.csproj", "{1B6948F2-F1B0-728A-5C5B-FE666E566D07}"
EndProject
Project("{FAE04EC0-301F-11D3-BF4B-00C04F79EFBC}") = "Unity.CollabProxy.Editor", "Unity.CollabProxy.Editor.csproj", "{6F712B1B-5A87-6BB6-37E1-A50ACD4098F1}"
EndProject
Project("{FAE04EC0-301F-11D3-BF4B-00C04F79EFBC}") = "Unity.2D.Common.Editor", "Unity.2D.Common.Editor.csproj", "{2CBE884E-4C2F-1FD9-D477-24110B82DEE0}"
EndProject
Project("{FAE04EC0-301F-11D3-BF4B-00C04F79EFBC}") = "Unity.VSCode.Editor", "Unity.VSCode.Editor.csproj", "{F70870BB-8925-C30E-03AD-3FEF64E3FF03}"
EndProject
Project("{FAE04EC0-301F-11D3-BF4B-00C04F79EFBC}") = "Unity.2D.Psdimporter.Editor", "Unity.2D.Psdimporter.Editor.csproj", "{EC3CB751-4E0A-85C8-83B5-A4AA8AF502AB}"
EndProject
Project("{FAE04EC0-301F-11D3-BF4B-00C04F79EFBC}") = "Unity.2D.PixelPerfect.Editor", "Unity.2D.PixelPerfect.Editor.csproj", "{00C11B06-DAE8-3985-DA51-69F48B3BEB42}"
EndProject
Project("{FAE04EC0-301F-11D3-BF4B-00C04F79EFBC}") = "Unity.Mathematics.Editor", "Unity.Mathematics.Editor.csproj", "{54285E36-C5BF-C736-1B6C-B07C8E1EC9CF}"
EndProject
Project("{FAE04EC0-301F-11D3-BF4B-00C04F79EFBC}") = "Unity.InternalAPIEditorBridge.001", "Unity.InternalAPIEditorBridge.001.csproj", "{D6A0F07B-0908-0C9F-C3C4-AB52E77DEA54}"
EndProject
Global
	GlobalSection(SolutionConfigurationPlatforms) = preSolution
		Debug|Any CPU = Debug|Any CPU
		Release|Any CPU = Release|Any CPU
	EndGlobalSection
	GlobalSection(ProjectConfigurationPlatforms) = postSolution
		{8EE91D2B-D0D6-1118-BB91-F49FDA7BB5F1}.Debug|Any CPU.ActiveCfg = Debug|Any CPU
		{8EE91D2B-D0D6-1118-BB91-F49FDA7BB5F1}.Debug|Any CPU.Build.0 = Debug|Any CPU
		{8EE91D2B-D0D6-1118-BB91-F49FDA7BB5F1}.Release|Any CPU.ActiveCfg = Release|Any CPU
		{8EE91D2B-D0D6-1118-BB91-F49FDA7BB5F1}.Release|Any CPU.Build.0 = Release|Any CPU
		{A0AF1AA5-122D-D9AA-47F5-041B72FF99CD}.Debug|Any CPU.ActiveCfg = Debug|Any CPU
		{A0AF1AA5-122D-D9AA-47F5-041B72FF99CD}.Debug|Any CPU.Build.0 = Debug|Any CPU
		{A0AF1AA5-122D-D9AA-47F5-041B72FF99CD}.Release|Any CPU.ActiveCfg = Release|Any CPU
		{A0AF1AA5-122D-D9AA-47F5-041B72FF99CD}.Release|Any CPU.Build.0 = Release|Any CPU
		{0D1A5906-E68D-DF3B-B7DB-D5C545DCB359}.Debug|Any CPU.ActiveCfg = Debug|Any CPU
		{0D1A5906-E68D-DF3B-B7DB-D5C545DCB359}.Debug|Any CPU.Build.0 = Debug|Any CPU
		{0D1A5906-E68D-DF3B-B7DB-D5C545DCB359}.Release|Any CPU.ActiveCfg = Release|Any CPU
		{0D1A5906-E68D-DF3B-B7DB-D5C545DCB359}.Release|Any CPU.Build.0 = Release|Any CPU
		{E19C38D9-B4A2-CC63-99B3-50858FD21958}.Debug|Any CPU.ActiveCfg = Debug|Any CPU
		{E19C38D9-B4A2-CC63-99B3-50858FD21958}.Debug|Any CPU.Build.0 = Debug|Any CPU
		{E19C38D9-B4A2-CC63-99B3-50858FD21958}.Release|Any CPU.ActiveCfg = Release|Any CPU
		{E19C38D9-B4A2-CC63-99B3-50858FD21958}.Release|Any CPU.Build.0 = Release|Any CPU
		{8F0DA710-20C3-EB56-CD47-2F51ACC55766}.Debug|Any CPU.ActiveCfg = Debug|Any CPU
		{8F0DA710-20C3-EB56-CD47-2F51ACC55766}.Debug|Any CPU.Build.0 = Debug|Any CPU
		{8F0DA710-20C3-EB56-CD47-2F51ACC55766}.Release|Any CPU.ActiveCfg = Release|Any CPU
		{8F0DA710-20C3-EB56-CD47-2F51ACC55766}.Release|Any CPU.Build.0 = Release|Any CPU
		{5AC9DF89-52D0-C1F8-9D1D-35FDAAFFB2D1}.Debug|Any CPU.ActiveCfg = Debug|Any CPU
		{5AC9DF89-52D0-C1F8-9D1D-35FDAAFFB2D1}.Debug|Any CPU.Build.0 = Debug|Any CPU
		{5AC9DF89-52D0-C1F8-9D1D-35FDAAFFB2D1}.Release|Any CPU.ActiveCfg = Release|Any CPU
		{5AC9DF89-52D0-C1F8-9D1D-35FDAAFFB2D1}.Release|Any CPU.Build.0 = Release|Any CPU
		{4C9D63F1-E618-5F25-05C6-8B8414E2625D}.Debug|Any CPU.ActiveCfg = Debug|Any CPU
		{4C9D63F1-E618-5F25-05C6-8B8414E2625D}.Debug|Any CPU.Build.0 = Debug|Any CPU
		{4C9D63F1-E618-5F25-05C6-8B8414E2625D}.Release|Any CPU.ActiveCfg = Release|Any CPU
		{4C9D63F1-E618-5F25-05C6-8B8414E2625D}.Release|Any CPU.Build.0 = Release|Any CPU
		{E304F574-A2CB-30FF-E12D-C73CC98AF639}.Debug|Any CPU.ActiveCfg = Debug|Any CPU
		{E304F574-A2CB-30FF-E12D-C73CC98AF639}.Debug|Any CPU.Build.0 = Debug|Any CPU
		{E304F574-A2CB-30FF-E12D-C73CC98AF639}.Release|Any CPU.ActiveCfg = Release|Any CPU
		{E304F574-A2CB-30FF-E12D-C73CC98AF639}.Release|Any CPU.Build.0 = Release|Any CPU
		{677D6031-7947-C8F2-D36B-798C8CF73A37}.Debug|Any CPU.ActiveCfg = Debug|Any CPU
		{677D6031-7947-C8F2-D36B-798C8CF73A37}.Debug|Any CPU.Build.0 = Debug|Any CPU
		{677D6031-7947-C8F2-D36B-798C8CF73A37}.Release|Any CPU.ActiveCfg = Release|Any CPU
		{677D6031-7947-C8F2-D36B-798C8CF73A37}.Release|Any CPU.Build.0 = Release|Any CPU
		{8A336D79-97DD-291A-D241-1BD805802B42}.Debug|Any CPU.ActiveCfg = Debug|Any CPU
		{8A336D79-97DD-291A-D241-1BD805802B42}.Debug|Any CPU.Build.0 = Debug|Any CPU
		{8A336D79-97DD-291A-D241-1BD805802B42}.Release|Any CPU.ActiveCfg = Release|Any CPU
		{8A336D79-97DD-291A-D241-1BD805802B42}.Release|Any CPU.Build.0 = Release|Any CPU
		{9E52FF7A-A6B5-37DB-A803-D08370ED13EC}.Debug|Any CPU.ActiveCfg = Debug|Any CPU
		{9E52FF7A-A6B5-37DB-A803-D08370ED13EC}.Debug|Any CPU.Build.0 = Debug|Any CPU
		{9E52FF7A-A6B5-37DB-A803-D08370ED13EC}.Release|Any CPU.ActiveCfg = Release|Any CPU
		{9E52FF7A-A6B5-37DB-A803-D08370ED13EC}.Release|Any CPU.Build.0 = Release|Any CPU
		{D8A1A670-881C-2D86-5BA7-141AE96F92F4}.Debug|Any CPU.ActiveCfg = Debug|Any CPU
		{D8A1A670-881C-2D86-5BA7-141AE96F92F4}.Debug|Any CPU.Build.0 = Debug|Any CPU
		{D8A1A670-881C-2D86-5BA7-141AE96F92F4}.Release|Any CPU.ActiveCfg = Release|Any CPU
		{D8A1A670-881C-2D86-5BA7-141AE96F92F4}.Release|Any CPU.Build.0 = Release|Any CPU
		{3ED8DAAA-7BD2-3486-3A1E-0F3017E4FED3}.Debug|Any CPU.ActiveCfg = Debug|Any CPU
		{3ED8DAAA-7BD2-3486-3A1E-0F3017E4FED3}.Debug|Any CPU.Build.0 = Debug|Any CPU
		{3ED8DAAA-7BD2-3486-3A1E-0F3017E4FED3}.Release|Any CPU.ActiveCfg = Release|Any CPU
		{3ED8DAAA-7BD2-3486-3A1E-0F3017E4FED3}.Release|Any CPU.Build.0 = Release|Any CPU
		{9002A334-E772-A8C2-E016-C7CCE0681BD9}.Debug|Any CPU.ActiveCfg = Debug|Any CPU
		{9002A334-E772-A8C2-E016-C7CCE0681BD9}.Debug|Any CPU.Build.0 = Debug|Any CPU
		{9002A334-E772-A8C2-E016-C7CCE0681BD9}.Release|Any CPU.ActiveCfg = Release|Any CPU
		{9002A334-E772-A8C2-E016-C7CCE0681BD9}.Release|Any CPU.Build.0 = Release|Any CPU
		{557A0CA1-1125-C880-E8F3-D14B83FA8809}.Debug|Any CPU.ActiveCfg = Debug|Any CPU
		{557A0CA1-1125-C880-E8F3-D14B83FA8809}.Debug|Any CPU.Build.0 = Debug|Any CPU
		{557A0CA1-1125-C880-E8F3-D14B83FA8809}.Release|Any CPU.ActiveCfg = Release|Any CPU
		{557A0CA1-1125-C880-E8F3-D14B83FA8809}.Release|Any CPU.Build.0 = Release|Any CPU
		{04231F08-713F-8C32-792E-678F6B76D0D4}.Debug|Any CPU.ActiveCfg = Debug|Any CPU
		{04231F08-713F-8C32-792E-678F6B76D0D4}.Debug|Any CPU.Build.0 = Debug|Any CPU
		{04231F08-713F-8C32-792E-678F6B76D0D4}.Release|Any CPU.ActiveCfg = Release|Any CPU
		{04231F08-713F-8C32-792E-678F6B76D0D4}.Release|Any CPU.Build.0 = Release|Any CPU
		{EF9C8853-0A63-106F-1150-30A330CA6D2C}.Debug|Any CPU.ActiveCfg = Debug|Any CPU
		{EF9C8853-0A63-106F-1150-30A330CA6D2C}.Debug|Any CPU.Build.0 = Debug|Any CPU
		{EF9C8853-0A63-106F-1150-30A330CA6D2C}.Release|Any CPU.ActiveCfg = Release|Any CPU
		{EF9C8853-0A63-106F-1150-30A330CA6D2C}.Release|Any CPU.Build.0 = Release|Any CPU
		{29BD3111-7E30-E7C1-2DA5-57B5B949C5C5}.Debug|Any CPU.ActiveCfg = Debug|Any CPU
		{29BD3111-7E30-E7C1-2DA5-57B5B949C5C5}.Debug|Any CPU.Build.0 = Debug|Any CPU
		{29BD3111-7E30-E7C1-2DA5-57B5B949C5C5}.Release|Any CPU.ActiveCfg = Release|Any CPU
		{29BD3111-7E30-E7C1-2DA5-57B5B949C5C5}.Release|Any CPU.Build.0 = Release|Any CPU
		{468212E5-3BA2-3E93-424A-F2B803795903}.Debug|Any CPU.ActiveCfg = Debug|Any CPU
		{468212E5-3BA2-3E93-424A-F2B803795903}.Debug|Any CPU.Build.0 = Debug|Any CPU
		{468212E5-3BA2-3E93-424A-F2B803795903}.Release|Any CPU.ActiveCfg = Release|Any CPU
		{468212E5-3BA2-3E93-424A-F2B803795903}.Release|Any CPU.Build.0 = Release|Any CPU
		{C7EFE464-6537-C3DF-833D-81385F140577}.Debug|Any CPU.ActiveCfg = Debug|Any CPU
		{C7EFE464-6537-C3DF-833D-81385F140577}.Debug|Any CPU.Build.0 = Debug|Any CPU
		{C7EFE464-6537-C3DF-833D-81385F140577}.Release|Any CPU.ActiveCfg = Release|Any CPU
		{C7EFE464-6537-C3DF-833D-81385F140577}.Release|Any CPU.Build.0 = Release|Any CPU
		{FDE33AC6-1B3F-1558-EA98-91E61B0F1619}.Debug|Any CPU.ActiveCfg = Debug|Any CPU
		{FDE33AC6-1B3F-1558-EA98-91E61B0F1619}.Debug|Any CPU.Build.0 = Debug|Any CPU
		{FDE33AC6-1B3F-1558-EA98-91E61B0F1619}.Release|Any CPU.ActiveCfg = Release|Any CPU
		{FDE33AC6-1B3F-1558-EA98-91E61B0F1619}.Release|Any CPU.Build.0 = Release|Any CPU
		{963F71DC-5A89-68AD-4AB5-E9338359C206}.Debug|Any CPU.ActiveCfg = Debug|Any CPU
		{963F71DC-5A89-68AD-4AB5-E9338359C206}.Debug|Any CPU.Build.0 = Debug|Any CPU
		{963F71DC-5A89-68AD-4AB5-E9338359C206}.Release|Any CPU.ActiveCfg = Release|Any CPU
		{963F71DC-5A89-68AD-4AB5-E9338359C206}.Release|Any CPU.Build.0 = Release|Any CPU
		{1B6948F2-F1B0-728A-5C5B-FE666E566D07}.Debug|Any CPU.ActiveCfg = Debug|Any CPU
		{1B6948F2-F1B0-728A-5C5B-FE666E566D07}.Debug|Any CPU.Build.0 = Debug|Any CPU
		{1B6948F2-F1B0-728A-5C5B-FE666E566D07}.Release|Any CPU.ActiveCfg = Release|Any CPU
		{1B6948F2-F1B0-728A-5C5B-FE666E566D07}.Release|Any CPU.Build.0 = Release|Any CPU
		{6F712B1B-5A87-6BB6-37E1-A50ACD4098F1}.Debug|Any CPU.ActiveCfg = Debug|Any CPU
		{6F712B1B-5A87-6BB6-37E1-A50ACD4098F1}.Debug|Any CPU.Build.0 = Debug|Any CPU
		{6F712B1B-5A87-6BB6-37E1-A50ACD4098F1}.Release|Any CPU.ActiveCfg = Release|Any CPU
		{6F712B1B-5A87-6BB6-37E1-A50ACD4098F1}.Release|Any CPU.Build.0 = Release|Any CPU
		{2CBE884E-4C2F-1FD9-D477-24110B82DEE0}.Debug|Any CPU.ActiveCfg = Debug|Any CPU
		{2CBE884E-4C2F-1FD9-D477-24110B82DEE0}.Debug|Any CPU.Build.0 = Debug|Any CPU
		{2CBE884E-4C2F-1FD9-D477-24110B82DEE0}.Release|Any CPU.ActiveCfg = Release|Any CPU
		{2CBE884E-4C2F-1FD9-D477-24110B82DEE0}.Release|Any CPU.Build.0 = Release|Any CPU
		{F70870BB-8925-C30E-03AD-3FEF64E3FF03}.Debug|Any CPU.ActiveCfg = Debug|Any CPU
		{F70870BB-8925-C30E-03AD-3FEF64E3FF03}.Debug|Any CPU.Build.0 = Debug|Any CPU
		{F70870BB-8925-C30E-03AD-3FEF64E3FF03}.Release|Any CPU.ActiveCfg = Release|Any CPU
		{F70870BB-8925-C30E-03AD-3FEF64E3FF03}.Release|Any CPU.Build.0 = Release|Any CPU
		{EC3CB751-4E0A-85C8-83B5-A4AA8AF502AB}.Debug|Any CPU.ActiveCfg = Debug|Any CPU
		{EC3CB751-4E0A-85C8-83B5-A4AA8AF502AB}.Debug|Any CPU.Build.0 = Debug|Any CPU
		{EC3CB751-4E0A-85C8-83B5-A4AA8AF502AB}.Release|Any CPU.ActiveCfg = Release|Any CPU
		{EC3CB751-4E0A-85C8-83B5-A4AA8AF502AB}.Release|Any CPU.Build.0 = Release|Any CPU
		{00C11B06-DAE8-3985-DA51-69F48B3BEB42}.Debug|Any CPU.ActiveCfg = Debug|Any CPU
		{00C11B06-DAE8-3985-DA51-69F48B3BEB42}.Debug|Any CPU.Build.0 = Debug|Any CPU
		{00C11B06-DAE8-3985-DA51-69F48B3BEB42}.Release|Any CPU.ActiveCfg = Release|Any CPU
		{00C11B06-DAE8-3985-DA51-69F48B3BEB42}.Release|Any CPU.Build.0 = Release|Any CPU
		{54285E36-C5BF-C736-1B6C-B07C8E1EC9CF}.Debug|Any CPU.ActiveCfg = Debug|Any CPU
		{54285E36-C5BF-C736-1B6C-B07C8E1EC9CF}.Debug|Any CPU.Build.0 = Debug|Any CPU
		{54285E36-C5BF-C736-1B6C-B07C8E1EC9CF}.Release|Any CPU.ActiveCfg = Release|Any CPU
		{54285E36-C5BF-C736-1B6C-B07C8E1EC9CF}.Release|Any CPU.Build.0 = Release|Any CPU
		{D6A0F07B-0908-0C9F-C3C4-AB52E77DEA54}.Debug|Any CPU.ActiveCfg = Debug|Any CPU
		{D6A0F07B-0908-0C9F-C3C4-AB52E77DEA54}.Debug|Any CPU.Build.0 = Debug|Any CPU
		{D6A0F07B-0908-0C9F-C3C4-AB52E77DEA54}.Release|Any CPU.ActiveCfg = Release|Any CPU
		{D6A0F07B-0908-0C9F-C3C4-AB52E77DEA54}.Release|Any CPU.Build.0 = Release|Any CPU
	EndGlobalSection
	GlobalSection(SolutionProperties) = preSolution
		HideSolutionNode = FALSE
	EndGlobalSection
EndGlobal
